
Microsoft Visual Studio Solution File, Format Version 12.00
# Visual Studio 14
VisualStudioVersion = 14.0.25420.1
MinimumVisualStudioVersion = 10.0.40219.1
Project("{FAE04EC0-301F-11D3-BF4B-00C04F79EFBC}") = "AsyncTimer", "AsyncTimer\AsyncTimer.csproj", "{F2C17009-AA67-420F-8276-4E6B8465999A}"
EndProject
Global
	GlobalSection(SolutionConfigurationPlatforms) = preSolution
		Debug|Any CPU = Debug|Any CPU
		Release|Any CPU = Release|Any CPU
	EndGlobalSection
	GlobalSection(ProjectConfigurationPlatforms) = postSolution
		{F2C17009-AA67-420F-8276-4E6B8465999A}.Debug|Any CPU.ActiveCfg = Debug|Any CPU
		{F2C17009-AA67-420F-8276-4E6B8465999A}.Debug|Any CPU.Build.0 = Debug|Any CPU
		{F2C17009-AA67-420F-8276-4E6B8465999A}.Release|Any CPU.ActiveCfg = Release|Any CPU
		{F2C17009-AA67-420F-8276-4E6B8465999A}.Release|Any CPU.Build.0 = Release|Any CPU
	EndGlobalSection
	GlobalSection(SolutionProperties) = preSolution
		HideSolutionNode = FALSE
	EndGlobalSection
EndGlobal
